{
  "name": "Public-Matters",
  "lockfileVersion": 3,
  "requires": true,
  "packages": {
    "": {
      "dependencies": {
        "prettier-plugin-jsdoc-type": "https://pkg.pr.new/prettier-plugin-jsdoc-type@8734685"
      }
    },
    "node_modules/comment-parser": {
      "version": "1.4.1",
      "resolved": "https://registry.npmjs.org/comment-parser/-/comment-parser-1.4.1.tgz",
      "integrity": "sha512-buhp5kePrmda3vhc5B9t7pUQXAb2Tnd0qgpkIhPhkHXxJpiPJ11H0ZEU0oBpJ2QztSbzG/ZxMj/CHsYJqRHmyg==",
      "license": "MIT",
      "engines": {
        "node": ">= 12.0.0"
      }
    },
    "node_modules/prettier": {
      "version": "3.6.2",
      "resolved": "https://registry.npmjs.org/prettier/-/prettier-3.6.2.tgz",
      "integrity": "sha512-I7AIg5boAr5R0FFtJ6rCfD+LFsWHp81dolrFD8S79U9tb8Az2nGrJncnMSnys+bpQJfRUzqs9hnA81OAA3hCuQ==",
      "license": "MIT",
      "peer": true,
      "bin": {
        "prettier": "bin/prettier.cjs"
      },
      "engines": {
        "node": ">=14"
      },
      "funding": {
        "url": "https://github.com/prettier/prettier?sponsor=1"
      }
    },
    "node_modules/prettier-plugin-jsdoc-type": {
      "version": "0.1.12",
      "resolved": "https://pkg.pr.new/prettier-plugin-jsdoc-type@8734685",
      "integrity": "sha512-6pTJP/MAHZzCVoh2yOjZIJJia/ijbS5wydIOnWPnIScaLofMK9ocMtE7QGsHI7AEeHqV8yLafi3ZER2a7qSJcQ==",
      "license": "MIT",
      "dependencies": {
        "comment-parser": "^1.4.1"
      },
      "engines": {
        "node": "^18.18.0||^20.9.0||>=21.1.0"
      },
      "funding": {
        "url": "https://github.com/sponsors/ota-meshi"
      },
      "peerDependencies": {
        "prettier": ">=3.5.3",
        "typescript": "*"
      }
    },
    "node_modules/typescript": {
      "version": "5.9.2",
      "resolved": "https://registry.npmjs.org/typescript/-/typescript-5.9.2.tgz",
      "integrity": "sha512-CWBzXQrc/qOkhidw1OzBTQuYRbfyxDXJMVJ1XNwUHGROVmuaeiEm3OslpZ1RV96d7SKKjZKrSJu3+t/xlw3R9A==",
      "license": "Apache-2.0",
      "peer": true,
      "bin": {
        "tsc": "bin/tsc",
        "tsserver": "bin/tsserver"
      },
      "engines": {
        "node": ">=14.17"
      }
    }
  }
}
